// !$*UTF8*$!
{
	archiveVersion = 1;
	classes = {
	};
	objectVersion = 50;
	objects = {

/* Begin PBXBuildFile section */
		30BFA90D20862CB0000F8F4A /* AppDelegate.swift in Sources */ = {isa = PBXBuildFile; fileRef = 30BFA90C20862CB0000F8F4A /* AppDelegate.swift */; };
		30BFA90F20862CB0000F8F4A /* ViewController.swift in Sources */ = {isa = PBXBuildFile; fileRef = 30BFA90E20862CB0000F8F4A /* ViewController.swift */; };
		30BFA91220862CB0000F8F4A /* Main.storyboard in Resources */ = {isa = PBXBuildFile; fileRef = 30BFA91020862CB0000F8F4A /* Main.storyboard */; };
		30BFA91420862CB0000F8F4A /* Assets.xcassets in Resources */ = {isa = PBXBuildFile; fileRef = 30BFA91320862CB0000F8F4A /* Assets.xcassets */; };
		30BFA91720862CB0000F8F4A /* LaunchScreen.storyboard in Resources */ = {isa = PBXBuildFile; fileRef = 30BFA91520862CB0000F8F4A /* LaunchScreen.storyboard */; };
		30BFA91F20862D41000F8F4A /* MyTableViewController.swift in Sources */ = {isa = PBXBuildFile; fileRef = 30BFA91E20862D41000F8F4A /* MyTableViewController.swift */; };
		30BFA9212086425F000F8F4A /* 1.jpg in Resources */ = {isa = PBXBuildFile; fileRef = 30BFA9202086425F000F8F4A /* 1.jpg */; };
		30C44CA62086CA26004EE9B7 /* MyTableViewCell.swift in Sources */ = {isa = PBXBuildFile; fileRef = 30C44CA42086CA26004EE9B7 /* MyTableViewCell.swift */; };
		30C44CA72086CA26004EE9B7 /* MyTableViewCell.xib in Resources */ = {isa = PBXBuildFile; fileRef = 30C44CA52086CA26004EE9B7 /* MyTableViewCell.xib */; };
/* End PBXBuildFile section */

/* Begin PBXFileReference section */
		30BFA90920862CB0000F8F4A /* TestTableView.app */ = {isa = PBXFileReference; explicitFileType = wrapper.application; includeInIndex = 0; path = TestTableView.app; sourceTree = BUILT_PRODUCTS_DIR; };
		30BFA90C20862CB0000F8F4A /* AppDelegate.swift */ = {isa = PBXFileReference; lastKnownFileType = sourcecode.swift; path = AppDelegate.swift; sourceTree = "<group>"; };
		30BFA90E20862CB0000F8F4A /* ViewController.swift */ = {isa = PBXFileReference; lastKnownFileType = sourcecode.swift; path = ViewController.swift; sourceTree = "<group>"; };
		30BFA91120862CB0000F8F4A /* Base */ = {isa = PBXFileReference; lastKnownFileType = file.storyboard; name = Base; path = Base.lproj/Main.storyboard; sourceTree = "<group>"; };
		30BFA91320862CB0000F8F4A /* Assets.xcassets */ = {isa = PBXFileReference; lastKnownFileType = folder.assetcatalog; path = Assets.xcassets; sourceTree = "<group>"; };
		30BFA91620862CB0000F8F4A /* Base */ = {isa = PBXFileReference; lastKnownFileType = file.storyboard; name = Base; path = Base.lproj/LaunchScreen.storyboard; sourceTree = "<group>"; };
		30BFA91820862CB0000F8F4A /* Info.plist */ = {isa = PBXFileReference; lastKnownFileType = text.plist.xml; path = Info.plist; sourceTree = "<group>"; };
		30BFA91E20862D41000F8F4A /* MyTableViewController.swift */ = {isa = PBXFileReference; lastKnownFileType = sourcecode.swift; path = MyTableViewController.swift; sourceTree = "<group>"; };
		30BFA9202086425F000F8F4A /* 1.jpg */ = {isa = PBXFileReference; lastKnownFileType = image.jpeg; path = 1.jpg; sourceTree = "<group>"; };
		30C44CA42086CA26004EE9B7 /* MyTableViewCell.swift */ = {isa = PBXFileReference; lastKnownFileType = sourcecode.swift; path = MyTableViewCell.swift; sourceTree = "<group>"; };
		30C44CA52086CA26004EE9B7 /* MyTableViewCell.xib */ = {isa = PBXFileReference; lastKnownFileType = file.xib; path = MyTableViewCell.xib; sourceTree = "<group>"; };
/* End PBXFileReference section */

/* Begin PBXFrameworksBuildPhase section */
		30BFA90620862CB0000F8F4A /* Frameworks */ = {
			isa = PBXFrameworksBuildPhase;
			buildActionMask = 2147483647;
			files = (
			);
			runOnlyForDeploymentPostprocessing = 0;
		};
/* End PBXFrameworksBuildPhase section */

/* Begin PBXGroup section */
		30BFA90020862CB0000F8F4A = {
			isa = PBXGroup;
			children = (
				30BFA90B20862CB0000F8F4A /* TestTableView */,
				30BFA90A20862CB0000F8F4A /* Products */,
			);
			sourceTree = "<group>";
		};
		30BFA90A20862CB0000F8F4A /* Products */ = {
			isa = PBXGroup;
			children = (
				30BFA90920862CB0000F8F4A /* TestTableView.app */,
			);
			name = Products;
			sourceTree = "<group>";
		};
		30BFA90B20862CB0000F8F4A /* TestTableView */ = {
			isa = PBXGroup;
			children = (
				30BFA90C20862CB0000F8F4A /* AppDelegate.swift */,
				30BFA90E20862CB0000F8F4A /* ViewController.swift */,
				30BFA91E20862D41000F8F4A /* MyTableViewController.swift */,
				30C44CA42086CA26004EE9B7 /* MyTableViewCell.swift */,
				30C44CA52086CA26004EE9B7 /* MyTableViewCell.xib */,
				30BFA91020862CB0000F8F4A /* Main.storyboard */,
				30BFA9202086425F000F8F4A /* 1.jpg */,
				30BFA91320862CB0000F8F4A /* Assets.xcassets */,
				30BFA91520862CB0000F8F4A /* LaunchScreen.storyboard */,
				30BFA91820862CB0000F8F4A /* Info.plist */,
			);
			path = TestTableView;
			sourceTree = "<group>";
		};
/* End PBXGroup section */

/* Begin PBXNativeTarget section */
		30BFA90820862CB0000F8F4A /* TestTableView */ = {
			isa = PBXNativeTarget;
			buildConfigurationList = 30BFA91B20862CB0000F8F4A /* Build configuration list for PBXNativeTarget "TestTableView" */;
			buildPhases = (
				30BFA90520862CB0000F8F4A /* Sources */,
				30BFA90620862CB0000F8F4A /* Frameworks */,
				30BFA90720862CB0000F8F4A /* Resources */,
			);
			buildRules = (
			);
			dependencies = (
			);
			name = TestTableView;
			productName = TestTableView;
			productReference = 30BFA90920862CB0000F8F4A /* TestTableView.app */;
			productType = "com.apple.product-type.application";
		};
/* End PBXNativeTarget section */

/* Begin PBXProject section */
		30BFA90120862CB0000F8F4A /* Project object */ = {
			isa = PBXProject;
			attributes = {
				LastSwiftUpdateCheck = 0930;
				LastUpgradeCheck = 0930;
				ORGANIZATIONNAME = "李亚非";
				TargetAttributes = {
					30BFA90820862CB0000F8F4A = {
						CreatedOnToolsVersion = 9.3;
					};
				};
			};
			buildConfigurationList = 30BFA90420862CB0000F8F4A /* Build configuration list for PBXProject "TestTableView" */;
			compatibilityVersion = "Xcode 9.3";
			developmentRegion = en;
			hasScannedForEncodings = 0;
			knownRegions = (
				en,
				Base,
			);
			mainGroup = 30BFA90020862CB0000F8F4A;
			productRefGroup = 30BFA90A20862CB0000F8F4A /* Products */;
			projectDirPath = "";
			projectRoot = "";
			targets = (
				30BFA90820862CB0000F8F4A /* TestTableView */,
			);
		};
/* End PBXProject section */

/* Begin PBXResourcesBuildPhase section */
		30BFA90720862CB0000F8F4A /* Resources */ = {
			isa = PBXResourcesBuildPhase;
			buildActionMask = 2147483647;
			files = (
				30C44CA72086CA26004EE9B7 /* MyTableViewCell.xib in Resources */,
				30BFA91720862CB0000F8F4A /* LaunchScreen.storyboard in Resources */,
				30BFA91420862CB0000F8F4A /* Assets.xcassets in Resources */,
				30BFA9212086425F000F8F4A /* 1.jpg in Resources */,
				30BFA91220862CB0000F8F4A /* Main.storyboard in Resources */,
			);
			runOnlyForDeploymentPostprocessing = 0;
		};
/* End PBXResourcesBuildPhase section */

/* Begin PBXSourcesBuildPhase section */
		30BFA90520862CB0000F8F4A /* Sources */ = {
			isa = PBXSourcesBuildPhase;
			buildActionMask = 2147483647;
			files = (
				30BFA90F20862CB0000F8F4A /* ViewController.swift in Sources */,
				30C44CA62086CA26004EE9B7 /* MyTableViewCell.swift in Sources */,
				30BFA91F20862D41000F8F4A /* MyTableViewController.swift in Sources */,
				30BFA90D20862CB0000F8F4A /* AppDelegate.swift in Sources */,
			);
			runOnlyForDeploymentPostprocessing = 0;
		};
/* End PBXSourcesBuildPhase section */

/* Begin PBXVariantGroup section */
		30BFA91020862CB0000F8F4A /* Main.storyboard */ = {
			isa = PBXVariantGroup;
			children = (
				30BFA91120862CB0000F8F4A /* Base */,
			);
			name = Main.storyboard;
			sourceTree = "<group>";
		};
		30BFA91520862CB0000F8F4A /* LaunchScreen.storyboard */ = {
			isa = PBXVariantGroup;
			children = (
				30BFA91620862CB0000F8F4A /* Base */,
			);
			name = LaunchScreen.storyboard;
			sourceTree = "<group>";
		};
/* End PBXVariantGroup section */

/* Begin XCBuildConfiguration section */
		30BFA91920862CB0000F8F4A /* Debug */ = {
			isa = XCBuildConfiguration;
			buildSettings = {
				ALWAYS_SEARCH_USER_PATHS = NO;
				CLANG_ANALYZER_NONNULL = YES;
				CLANG_ANALYZER_NUMBER_OBJECT_CONVERSION = YES_AGGRESSIVE;
				CLANG_CXX_LANGUAGE_STANDARD = "gnu++14";
				CLANG_CXX_LIBRARY = "libc++";
				CLANG_ENABLE_MODULES = YES;
				CLANG_ENABLE_OBJC_ARC = YES;
				CLANG_ENABLE_OBJC_WEAK = YES;
				CLANG_WARN_BLOCK_CAPTURE_AUTORELEASING = YES;
				CLANG_WARN_BOOL_CONVERSION = YES;
				CLANG_WARN_COMMA = YES;
				CLANG_WARN_CONSTANT_CONVERSION = YES;
				CLANG_WARN_DEPRECATED_OBJC_IMPLEMENTATIONS = YES;
				CLANG_WARN_DIRECT_OBJC_ISA_USAGE = YES_ERROR;
				CLANG_WARN_DOCUMENTATION_COMMENTS = YES;
				CLANG_WARN_EMPTY_BODY = YES;
				CLANG_WARN_ENUM_CONVERSION = YES;
				CLANG_WARN_INFINITE_RECURSION = YES;
				CLANG_WARN_INT_CONVERSION = YES;
				CLANG_WARN_NON_LITERAL_NULL_CONVERSION = YES;
				CLANG_WARN_OBJC_IMPLICIT_RETAIN_SELF = YES;
				CLANG_WARN_OBJC_LITERAL_CONVERSION = YES;
				CLANG_WARN_OBJC_ROOT_CLASS = YES_ERROR;
				CLANG_WARN_RANGE_LOOP_ANALYSIS = YES;
				CLANG_WARN_STRICT_PROTOTYPES = YES;
				CLANG_WARN_SUSPICIOUS_MOVE = YES;
				CLANG_WARN_UNGUARDED_AVAILABILITY = YES_AGGRESSIVE;
				CLANG_WARN_UNREACHABLE_CODE = YES;
				CLANG_WARN__DUPLICATE_METHOD_MATCH = YES;
				CODE_SIGN_IDENTITY = "iPhone Developer";
				COPY_PHASE_STRIP = NO;
				DEBUG_INFORMATION_FORMAT = dwarf;
				ENABLE_STRICT_OBJC_MSGSEND = YES;
				ENABLE_TESTABILITY = YES;
				GCC_C_LANGUAGE_STANDARD = gnu11;
				GCC_DYNAMIC_NO_PIC = NO;
				GCC_NO_COMMON_BLOCKS = YES;
				GCC_OPTIMIZATION_LEVEL = 0;
				GCC_PREPROCESSOR_DEFINITIONS = (
					"DEBUG=1",
					"$(inherited)",
				);
				GCC_WARN_64_TO_32_BIT_CONVERSION = YES;
				GCC_WARN_ABOUT_RETURN_TYPE = YES_ERROR;
				GCC_WARN_UNDECLARED_SELECTOR = YES;
				GCC_WARN_UNINITIALIZED_AUTOS = YES_AGGRESSIVE;
				GCC_WARN_UNUSED_FUNCTION = YES;
				GCC_WARN_UNUSED_VARIABLE = YES;
				IPHONEOS_DEPLOYMENT_TARGET = 11.3;
				MTL_ENABLE_DEBUG_INFO = YES;
				ONLY_ACTIVE_ARCH = YES;
				SDKROOT = iphoneos;
				SWIFT_ACTIVE_COMPILATION_CONDITIONS = DEBUG;
				SWIFT_OPTIMIZATION_LEVEL = "-Onone";
			};
			name = Debug;
		};
		30BFA91A20862CB0000F8F4A /* Release */ = {
			isa = XCBuildConfiguration;
			buildSettings = {
				ALWAYS_SEARCH_USER_PATHS = NO;
				CLANG_ANALYZER_NONNULL = YES;
				CLANG_ANALYZER_NUMBER_OBJECT_CONVERSION = YES_AGGRESSIVE;
				CLANG_CXX_LANGUAGE_STANDARD = "gnu++14";
				CLANG_CXX_LIBRARY = "libc++";
				CLANG_ENABLE_MODULES = YES;
				CLANG_ENABLE_OBJC_ARC = YES;
				CLANG_ENABLE_OBJC_WEAK = YES;
				CLANG_WARN_BLOCK_CAPTURE_AUTORELEASING = YES;
				CLANG_WARN_BOOL_CONVERSION = YES;
				CLANG_WARN_COMMA = YES;
				CLANG_WARN_CONSTANT_CONVERSION = YES;
				CLANG_WARN_DEPRECATED_OBJC_IMPLEMENTATIONS = YES;
				CLANG_WARN_DIRECT_OBJC_ISA_USAGE = YES_ERROR;
				CLANG_WARN_DOCUMENTATION_COMMENTS = YES;
				CLANG_WARN_EMPTY_BODY = YES;
				CLANG_WARN_ENUM_CONVERSION = YES;
				CLANG_WARN_INFINITE_RECURSION = YES;
				CLANG_WARN_INT_CONVERSION = YES;
				CLANG_WARN_NON_LITERAL_NULL_CONVERSION = YES;
				CLANG_WARN_OBJC_IMPLICIT_RETAIN_SELF = YES;
				CLANG_WARN_OBJC_LITERAL_CONVERSION = YES;
				CLANG_WARN_OBJC_ROOT_CLASS = YES_ERROR;
				CLANG_WARN_RANGE_LOOP_ANALYSIS = YES;
				CLANG_WARN_STRICT_PROTOTYPES = YES;
				CLANG_WARN_SUSPICIOUS_MOVE = YES;
				CLANG_WARN_UNGUARDED_AVAILABILITY = YES_AGGRESSIVE;
				CLANG_WARN_UNREACHABLE_CODE = YES;
				CLANG_WARN__DUPLICATE_METHOD_MATCH = YES;
				CODE_SIGN_IDENTITY = "iPhone Developer";
				COPY_PHASE_STRIP = NO;
				DEBUG_INFORMATION_FORMAT = "dwarf-with-dsym";
				ENABLE_NS_ASSERTIONS = NO;
				ENABLE_STRICT_OBJC_MSGSEND = YES;
				GCC_C_LANGUAGE_STANDARD = gnu11;
				GCC_NO_COMMON_BLOCKS = YES;
				GCC_WARN_64_TO_32_BIT_CONVERSION = YES;
				GCC_WARN_ABOUT_RETURN_TYPE = YES_ERROR;
				GCC_WARN_UNDECLARED_SELECTOR = YES;
				GCC_WARN_UNINITIALIZED_AUTOS = YES_AGGRESSIVE;
				GCC_WARN_UNUSED_FUNCTION = YES;
				GCC_WARN_UNUSED_VARIABLE = YES;
				IPHONEOS_DEPLOYMENT_TARGET = 11.3;
				MTL_ENABLE_DEBUG_INFO = NO;
				SDKROOT = iphoneos;
				SWIFT_COMPILATION_MODE = wholemodule;
				SWIFT_OPTIMIZATION_LEVEL = "-O";
				VALIDATE_PRODUCT = YES;
			};
			name = Release;
		};
		30BFA91C20862CB0000F8F4A /* Debug */ = {
			isa = XCBuildConfiguration;
			buildSettings = {
				ASSETCATALOG_COMPILER_APPICON_NAME = AppIcon;
				CODE_SIGN_STYLE = Automatic;
				DEVELOPMENT_TEAM = 8F7Z5PBD35;
				INFOPLIST_FILE = TestTableView/Info.plist;
				LD_RUNPATH_SEARCH_PATHS = (
					"$(inherited)",
					"@executable_path/Frameworks",
				);
				PRODUCT_BUNDLE_IDENTIFIER = liyafei.TestTableView;
				PRODUCT_NAME = "$(TARGET_NAME)";
				SWIFT_VERSION = 4.0;
				TARGETED_DEVICE_FAMILY = "1,2";
			};
			name = Debug;
		};
		30BFA91D20862CB0000F8F4A /* Release */ = {
			isa = XCBuildConfiguration;
			buildSettings = {
				ASSETCATALOG_COMPILER_APPICON_NAME = AppIcon;
				CODE_SIGN_STYLE = Automatic;
				DEVELOPMENT_TEAM = 8F7Z5PBD35;
				INFOPLIST_FILE = TestTableView/Info.plist;
				LD_RUNPATH_SEARCH_PATHS = (
					"$(inherited)",
					"@executable_path/Frameworks",
				);
				PRODUCT_BUNDLE_IDENTIFIER = liyafei.TestTableView;
				PRODUCT_NAME = "$(TARGET_NAME)";
				SWIFT_VERSION = 4.0;
				TARGETED_DEVICE_FAMILY = "1,2";
			};
			name = Release;
		};
/* End XCBuildConfiguration section */

/* Begin XCConfigurationList section */
		30BFA90420862CB0000F8F4A /* Build configuration list for PBXProject "TestTableView" */ = {
			isa = XCConfigurationList;
			buildConfigurations = (
				30BFA91920862CB0000F8F4A /* Debug */,
				30BFA91A20862CB0000F8F4A /* Release */,
			);
			defaultConfigurationIsVisible = 0;
			defaultConfigurationName = Release;
		};
		30BFA91B20862CB0000F8F4A /* Build configuration list for PBXNativeTarget "TestTableView" */ = {
			isa = XCConfigurationList;
			buildConfigurations = (
				30BFA91C20862CB0000F8F4A /* Debug */,
				30BFA91D20862CB0000F8F4A /* Release */,
			);
			defaultConfigurationIsVisible = 0;
			defaultConfigurationName = Release;
		};
/* End XCConfigurationList section */
	};
	rootObject = 30BFA90120862CB0000F8F4A /* Project object */;
}
